# This file was autogenerated by Stack.
# You should not edit this file by hand.
# For more information, please see the documentation at:
#   https://docs.haskellstack.org/en/stable/lock_files

packages:
- completed:
    cabal-file:
      size: 1751
      sha256: a024b37f71e43eefe28451eb73a5ec057fd0513f1aabbb2c91daf47e033d54d0
    name: hs-yesod-model-generator
    version: 0.0.0
    git: https://github.com/agreif/hs-yesod-model-generator.git
    pantry-tree:
      size: 1757
      sha256: 517ab412fea35117af0cbbcbfc11b673fbef250731bff44d1e36e050d380f32d
    commit: 1a56b5614b8ecbe46b0f150db702e34f994124c6
  original:
    git: https://github.com/agreif/hs-yesod-model-generator.git
    commit: 1a56b5614b8ecbe46b0f150db702e34f994124c6
snapshots:
- completed:
    size: 569901
    url: https://raw.githubusercontent.com/commercialhaskell/stackage-snapshots/master/lts/10/10.yaml
    sha256: 508f0089b680d551cb6cfe95c40e42241a373153f673de78f136040beb4937fa
  original: lts-10.10
